hash: 83287534d31ecde6c0710549451225408ca1fb8f0babdb1409f6c4fc44d5494f
updated: 2017-10-09T10:52:09.359665393+01:00
imports:
- name: github.com/pkg/errors
  version: 2b3a18b5f0fb6b4f9190549597d3f962c02bc5eb
- name: github.com/trussle/courier
  version: cd9d71ac284a341fa09ae7e9bbe17d2d8f073360
  subpackages:
  - pkg/fs/ioext
  - pkg/fs/lock
  - pkg/fs/mmap
testImports: []
